{
  "name": "app1",
  "version": "1.0.0",
  "lockfileVersion": 2,
  "requires": true,
  "packages": {
    "": {
      "name": "app1",
      "version": "1.0.0",
      "license": "ISC",
      "dependencies": {
        "lecalc": "file:../calc"
      }
    },
    "../calc": {
      "version": "1.0.0",
      "license": "ISC"
    },
    "node_modules/lecalc": {
      "resolved": "../calc",
      "link": true
    }
  },
  "dependencies": {
    "lecalc": {
      "version": "file:../calc"
    }
  }
}
