{
  "name": "app2",
  "version": "1.0.0",
  "lockfileVersion": 2,
  "requires": true,
  "packages": {
    "": {
      "name": "app2",
      "version": "1.0.0",
      "license": "ISC",
      "dependencies": {
        "lecalc": "github:SsGduxF2T5b2lF/demos_lecalc"
      }
    },
    "node_modules/lecalc": {
      "version": "1.0.0",
      "resolved": "git+ssh://git@github.com/SsGduxF2T5b2lF/demos_lecalc.git#a4c69ec27828e50902048753a40d8a3225d024f9",
      "license": "ISC"
    }
  },
  "dependencies": {
    "lecalc": {
      "version": "git+ssh://git@github.com/SsGduxF2T5b2lF/demos_lecalc.git#a4c69ec27828e50902048753a40d8a3225d024f9",
      "from": "lecalc@git+https://github.com/SsGduxF2T5b2lF/demos_lecalc.git"
    }
  }
}
